
Microsoft Visual Studio Solution File, Format Version 12.00
# Visual Studio Version 17
VisualStudioVersion = 17.14.36408.4
MinimumVisualStudioVersion = 10.0.40219.1
Project("{FAE04EC0-301F-11D3-BF4B-00C04F79EFBC}") = "CrudeoperationsonRazorPages", "CrudeoperationsonRazorPages\CrudeoperationsonRazorPages.csproj", "{D3668F8B-A5A2-491A-85D5-DC8852682B46}"
EndProject
Global
	GlobalSection(SolutionConfigurationPlatforms) = preSolution
		Debug|Any CPU = Debug|Any CPU
		Release|Any CPU = Release|Any CPU
	EndGlobalSection
	GlobalSection(ProjectConfigurationPlatforms) = postSolution
		{D3668F8B-A5A2-491A-85D5-DC8852682B46}.Debug|Any CPU.ActiveCfg = Debug|Any CPU
		{D3668F8B-A5A2-491A-85D5-DC8852682B46}.Debug|Any CPU.Build.0 = Debug|Any CPU
		{D3668F8B-A5A2-491A-85D5-DC8852682B46}.Release|Any CPU.ActiveCfg = Release|Any CPU
		{D3668F8B-A5A2-491A-85D5-DC8852682B46}.Release|Any CPU.Build.0 = Release|Any CPU
	EndGlobalSection
	GlobalSection(SolutionProperties) = preSolution
		HideSolutionNode = FALSE
	EndGlobalSection
	GlobalSection(ExtensibilityGlobals) = postSolution
		SolutionGuid = {953B5711-3DCE-4DD7-BD3E-AB893CF971C5}
	EndGlobalSection
EndGlobal
